// !$*UTF8*$!
{
	archiveVersion = 1;
	classes = {
	};
	objectVersion = 56;
	objects = {

/* Begin PBXBuildFile section */
		3B861CD62C33EE2B00BF0475 /* SowAndGrowApp.swift in Sources */ = {isa = PBXBuildFile; fileRef = 3B861CD52C33EE2B00BF0475 /* SowAndGrowApp.swift */; };
		3B861CD82C33EE2B00BF0475 /* ContentView.swift in Sources */ = {isa = PBXBuildFile; fileRef = 3B861CD72C33EE2B00BF0475 /* ContentView.swift */; };
		3B861CDA2C33EE2C00BF0475 /* Assets.xcassets in Resources */ = {isa = PBXBuildFile; fileRef = 3B861CD92C33EE2C00BF0475 /* Assets.xcassets */; };
		3B861CDD2C33EE2C00BF0475 /* Preview Assets.xcassets in Resources */ = {isa = PBXBuildFile; fileRef = 3B861CDC2C33EE2C00BF0475 /* Preview Assets.xcassets */; };
		3B861CE42C33EE4000BF0475 /* Item.swift in Sources */ = {isa = PBXBuildFile; fileRef = 3B861CE32C33EE4000BF0475 /* Item.swift */; };
		3B861CE62C33EE5900BF0475 /* ItemListView.swift in Sources */ = {isa = PBXBuildFile; fileRef = 3B861CE52C33EE5900BF0475 /* ItemListView.swift */; };
		3B861CE82C33EE6700BF0475 /* AddItemView.swift in Sources */ = {isa = PBXBuildFile; fileRef = 3B861CE72C33EE6700BF0475 /* AddItemView.swift */; };
		3B861CEA2C33EE7500BF0475 /* EditItemView.swift in Sources */ = {isa = PBXBuildFile; fileRef = 3B861CE92C33EE7500BF0475 /* EditItemView.swift */; };
		3B861CEC2C33EE8600BF0475 /* SingleItemView.swift in Sources */ = {isa = PBXBuildFile; fileRef = 3B861CEB2C33EE8600BF0475 /* SingleItemView.swift */; };
		3B861CEE2C33EE9900BF0475 /* FavoriteListView.swift in Sources */ = {isa = PBXBuildFile; fileRef = 3B861CED2C33EE9900BF0475 /* FavoriteListView.swift */; };
		3B861CF02C33EEA600BF0475 /* TabBarView.swift in Sources */ = {isa = PBXBuildFile; fileRef = 3B861CEF2C33EEA600BF0475 /* TabBarView.swift */; };
		3B861CF52C33F67000BF0475 /* Favorite.swift in Sources */ = {isa = PBXBuildFile; fileRef = 3B861CF42C33F67000BF0475 /* Favorite.swift */; };
		3B861CF72C33FBDF00BF0475 /* SingleFavoriteView.swift in Sources */ = {isa = PBXBuildFile; fileRef = 3B861CF62C33FBDF00BF0475 /* SingleFavoriteView.swift */; };
		3B861CF92C340CBE00BF0475 /* AddNewItem.swift in Sources */ = {isa = PBXBuildFile; fileRef = 3B861CF82C340CBE00BF0475 /* AddNewItem.swift */; };
		3BEA68C62C3C16080088A9C6 /* HelpView.swift in Sources */ = {isa = PBXBuildFile; fileRef = 3BEA68C52C3C16080088A9C6 /* HelpView.swift */; };
/* End PBXBuildFile section */

/* Begin PBXFileReference section */
		3B861CD22C33EE2B00BF0475 /* SowAndGrow.app */ = {isa = PBXFileReference; explicitFileType = wrapper.application; includeInIndex = 0; path = SowAndGrow.app; sourceTree = BUILT_PRODUCTS_DIR; };
		3B861CD52C33EE2B00BF0475 /* SowAndGrowApp.swift */ = {isa = PBXFileReference; lastKnownFileType = sourcecode.swift; path = SowAndGrowApp.swift; sourceTree = "<group>"; };
		3B861CD72C33EE2B00BF0475 /* ContentView.swift */ = {isa = PBXFileReference; lastKnownFileType = sourcecode.swift; path = ContentView.swift; sourceTree = "<group>"; };
		3B861CD92C33EE2C00BF0475 /* Assets.xcassets */ = {isa = PBXFileReference; lastKnownFileType = folder.assetcatalog; path = Assets.xcassets; sourceTree = "<group>"; };
		3B861CDC2C33EE2C00BF0475 /* Preview Assets.xcassets */ = {isa = PBXFileReference; lastKnownFileType = folder.assetcatalog; path = "Preview Assets.xcassets"; sourceTree = "<group>"; };
		3B861CE32C33EE4000BF0475 /* Item.swift */ = {isa = PBXFileReference; lastKnownFileType = sourcecode.swift; path = Item.swift; sourceTree = "<group>"; };
		3B861CE52C33EE5900BF0475 /* ItemListView.swift */ = {isa = PBXFileReference; lastKnownFileType = sourcecode.swift; path = ItemListView.swift; sourceTree = "<group>"; };
		3B861CE72C33EE6700BF0475 /* AddItemView.swift */ = {isa = PBXFileReference; lastKnownFileType = sourcecode.swift; path = AddItemView.swift; sourceTree = "<group>"; };
		3B861CE92C33EE7500BF0475 /* EditItemView.swift */ = {isa = PBXFileReference; lastKnownFileType = sourcecode.swift; path = EditItemView.swift; sourceTree = "<group>"; };
		3B861CEB2C33EE8600BF0475 /* SingleItemView.swift */ = {isa = PBXFileReference; lastKnownFileType = sourcecode.swift; path = SingleItemView.swift; sourceTree = "<group>"; };
		3B861CED2C33EE9900BF0475 /* FavoriteListView.swift */ = {isa = PBXFileReference; lastKnownFileType = sourcecode.swift; path = FavoriteListView.swift; sourceTree = "<group>"; };
		3B861CEF2C33EEA600BF0475 /* TabBarView.swift */ = {isa = PBXFileReference; lastKnownFileType = sourcecode.swift; path = TabBarView.swift; sourceTree = "<group>"; };
		3B861CF42C33F67000BF0475 /* Favorite.swift */ = {isa = PBXFileReference; lastKnownFileType = sourcecode.swift; path = Favorite.swift; sourceTree = "<group>"; };
		3B861CF62C33FBDF00BF0475 /* SingleFavoriteView.swift */ = {isa = PBXFileReference; lastKnownFileType = sourcecode.swift; path = SingleFavoriteView.swift; sourceTree = "<group>"; };
		3B861CF82C340CBE00BF0475 /* AddNewItem.swift */ = {isa = PBXFileReference; lastKnownFileType = sourcecode.swift; path = AddNewItem.swift; sourceTree = "<group>"; };
		3BEA68C52C3C16080088A9C6 /* HelpView.swift */ = {isa = PBXFileReference; lastKnownFileType = sourcecode.swift; path = HelpView.swift; sourceTree = "<group>"; };
/* End PBXFileReference section */

/* Begin PBXFrameworksBuildPhase section */
		3B861CCF2C33EE2B00BF0475 /* Frameworks */ = {
			isa = PBXFrameworksBuildPhase;
			buildActionMask = 2147483647;
			files = (
			);
			runOnlyForDeploymentPostprocessing = 0;
		};
/* End PBXFrameworksBuildPhase section */

/* Begin PBXGroup section */
		3B5A45492C3428D500B57F03 /* view */ = {
			isa = PBXGroup;
			children = (
				3B861CEF2C33EEA600BF0475 /* TabBarView.swift */,
				3BEA68C52C3C16080088A9C6 /* HelpView.swift */,
				3B5A454B2C34310500B57F03 /* Items */,
				3B5A454A2C342F4A00B57F03 /* Favorite */,
			);
			path = view;
			sourceTree = "<group>";
		};
		3B5A454A2C342F4A00B57F03 /* Favorite */ = {
			isa = PBXGroup;
			children = (
				3B861CED2C33EE9900BF0475 /* FavoriteListView.swift */,
				3B861CF62C33FBDF00BF0475 /* SingleFavoriteView.swift */,
				3B861CF82C340CBE00BF0475 /* AddNewItem.swift */,
			);
			path = Favorite;
			sourceTree = "<group>";
		};
		3B5A454B2C34310500B57F03 /* Items */ = {
			isa = PBXGroup;
			children = (
				3B861CE52C33EE5900BF0475 /* ItemListView.swift */,
				3B861CE92C33EE7500BF0475 /* EditItemView.swift */,
				3B861CE72C33EE6700BF0475 /* AddItemView.swift */,
				3B861CEB2C33EE8600BF0475 /* SingleItemView.swift */,
			);
			path = Items;
			sourceTree = "<group>";
		};
		3B861CC92C33EE2B00BF0475 = {
			isa = PBXGroup;
			children = (
				3B861CD52C33EE2B00BF0475 /* SowAndGrowApp.swift */,
				3B861CD42C33EE2B00BF0475 /* SowAndGrow */,
				3B861CD32C33EE2B00BF0475 /* Products */,
			);
			sourceTree = "<group>";
		};
		3B861CD32C33EE2B00BF0475 /* Products */ = {
			isa = PBXGroup;
			children = (
				3B861CD22C33EE2B00BF0475 /* SowAndGrow.app */,
			);
			name = Products;
			sourceTree = "<group>";
		};
		3B861CD42C33EE2B00BF0475 /* SowAndGrow */ = {
			isa = PBXGroup;
			children = (
				3B861CD72C33EE2B00BF0475 /* ContentView.swift */,
				3B861CF32C33F66500BF0475 /* Model */,
				3B861CD92C33EE2C00BF0475 /* Assets.xcassets */,
				3B861CDB2C33EE2C00BF0475 /* Preview Content */,
			);
			path = SowAndGrow;
			sourceTree = "<group>";
		};
		3B861CDB2C33EE2C00BF0475 /* Preview Content */ = {
			isa = PBXGroup;
			children = (
				3B861CDC2C33EE2C00BF0475 /* Preview Assets.xcassets */,
			);
			path = "Preview Content";
			sourceTree = "<group>";
		};
		3B861CF32C33F66500BF0475 /* Model */ = {
			isa = PBXGroup;
			children = (
				3B861CE32C33EE4000BF0475 /* Item.swift */,
				3B861CF42C33F67000BF0475 /* Favorite.swift */,
				3B5A45492C3428D500B57F03 /* view */,
			);
			path = Model;
			sourceTree = "<group>";
		};
/* End PBXGroup section */

/* Begin PBXNativeTarget section */
		3B861CD12C33EE2B00BF0475 /* SowAndGrow */ = {
			isa = PBXNativeTarget;
			buildConfigurationList = 3B861CE02C33EE2C00BF0475 /* Build configuration list for PBXNativeTarget "SowAndGrow" */;
			buildPhases = (
				3B861CCE2C33EE2B00BF0475 /* Sources */,
				3B861CCF2C33EE2B00BF0475 /* Frameworks */,
				3B861CD02C33EE2B00BF0475 /* Resources */,
			);
			buildRules = (
			);
			dependencies = (
			);
			name = SowAndGrow;
			productName = SowAndGrow;
			productReference = 3B861CD22C33EE2B00BF0475 /* SowAndGrow.app */;
			productType = "com.apple.product-type.application";
		};
/* End PBXNativeTarget section */

/* Begin PBXProject section */
		3B861CCA2C33EE2B00BF0475 /* Project object */ = {
			isa = PBXProject;
			attributes = {
				BuildIndependentTargetsInParallel = 1;
				LastSwiftUpdateCheck = 1540;
				LastUpgradeCheck = 1540;
				TargetAttributes = {
					3B861CD12C33EE2B00BF0475 = {
						CreatedOnToolsVersion = 15.4;
					};
				};
			};
			buildConfigurationList = 3B861CCD2C33EE2B00BF0475 /* Build configuration list for PBXProject "SowAndGrow" */;
			compatibilityVersion = "Xcode 14.0";
			developmentRegion = en;
			hasScannedForEncodings = 0;
			knownRegions = (
				en,
				Base,
			);
			mainGroup = 3B861CC92C33EE2B00BF0475;
			productRefGroup = 3B861CD32C33EE2B00BF0475 /* Products */;
			projectDirPath = "";
			projectRoot = "";
			targets = (
				3B861CD12C33EE2B00BF0475 /* SowAndGrow */,
			);
		};
/* End PBXProject section */

/* Begin PBXResourcesBuildPhase section */
		3B861CD02C33EE2B00BF0475 /* Resources */ = {
			isa = PBXResourcesBuildPhase;
			buildActionMask = 2147483647;
			files = (
				3B861CDD2C33EE2C00BF0475 /* Preview Assets.xcassets in Resources */,
				3B861CDA2C33EE2C00BF0475 /* Assets.xcassets in Resources */,
			);
			runOnlyForDeploymentPostprocessing = 0;
		};
/* End PBXResourcesBuildPhase section */

/* Begin PBXSourcesBuildPhase section */
		3B861CCE2C33EE2B00BF0475 /* Sources */ = {
			isa = PBXSourcesBuildPhase;
			buildActionMask = 2147483647;
			files = (
				3B861CEE2C33EE9900BF0475 /* FavoriteListView.swift in Sources */,
				3BEA68C62C3C16080088A9C6 /* HelpView.swift in Sources */,
				3B861CF02C33EEA600BF0475 /* TabBarView.swift in Sources */,
				3B861CD82C33EE2B00BF0475 /* ContentView.swift in Sources */,
				3B861CF92C340CBE00BF0475 /* AddNewItem.swift in Sources */,
				3B861CE42C33EE4000BF0475 /* Item.swift in Sources */,
				3B861CF72C33FBDF00BF0475 /* SingleFavoriteView.swift in Sources */,
				3B861CD62C33EE2B00BF0475 /* SowAndGrowApp.swift in Sources */,
				3B861CEC2C33EE8600BF0475 /* SingleItemView.swift in Sources */,
				3B861CF52C33F67000BF0475 /* Favorite.swift in Sources */,
				3B861CE62C33EE5900BF0475 /* ItemListView.swift in Sources */,
				3B861CE82C33EE6700BF0475 /* AddItemView.swift in Sources */,
				3B861CEA2C33EE7500BF0475 /* EditItemView.swift in Sources */,
			);
			runOnlyForDeploymentPostprocessing = 0;
		};
/* End PBXSourcesBuildPhase section */

/* Begin XCBuildConfiguration section */
		3B861CDE2C33EE2C00BF0475 /* Debug */ = {
			isa = XCBuildConfiguration;
			buildSettings = {
				ALWAYS_SEARCH_USER_PATHS = NO;
				ASSETCATALOG_COMPILER_GENERATE_SWIFT_ASSET_SYMBOL_EXTENSIONS = YES;
				CLANG_ANALYZER_NONNULL = YES;
				CLANG_ANALYZER_NUMBER_OBJECT_CONVERSION = YES_AGGRESSIVE;
				CLANG_CXX_LANGUAGE_STANDARD = "gnu++20";
				CLANG_ENABLE_MODULES = YES;
				CLANG_ENABLE_OBJC_ARC = YES;
				CLANG_ENABLE_OBJC_WEAK = YES;
				CLANG_WARN_BLOCK_CAPTURE_AUTORELEASING = YES;
				CLANG_WARN_BOOL_CONVERSION = YES;
				CLANG_WARN_COMMA = YES;
				CLANG_WARN_CONSTANT_CONVERSION = YES;
				CLANG_WARN_DEPRECATED_OBJC_IMPLEMENTATIONS = YES;
				CLANG_WARN_DIRECT_OBJC_ISA_USAGE = YES_ERROR;
				CLANG_WARN_DOCUMENTATION_COMMENTS = YES;
				CLANG_WARN_EMPTY_BODY = YES;
				CLANG_WARN_ENUM_CONVERSION = YES;
				CLANG_WARN_INFINITE_RECURSION = YES;
				CLANG_WARN_INT_CONVERSION = YES;
				CLANG_WARN_NON_LITERAL_NULL_CONVERSION = YES;
				CLANG_WARN_OBJC_IMPLICIT_RETAIN_SELF = YES;
				CLANG_WARN_OBJC_LITERAL_CONVERSION = YES;
				CLANG_WARN_OBJC_ROOT_CLASS = YES_ERROR;
				CLANG_WARN_QUOTED_INCLUDE_IN_FRAMEWORK_HEADER = YES;
				CLANG_WARN_RANGE_LOOP_ANALYSIS = YES;
				CLANG_WARN_STRICT_PROTOTYPES = YES;
				CLANG_WARN_SUSPICIOUS_MOVE = YES;
				CLANG_WARN_UNGUARDED_AVAILABILITY = YES_AGGRESSIVE;
				CLANG_WARN_UNREACHABLE_CODE = YES;
				CLANG_WARN__DUPLICATE_METHOD_MATCH = YES;
				COPY_PHASE_STRIP = NO;
				DEBUG_INFORMATION_FORMAT = dwarf;
				ENABLE_STRICT_OBJC_MSGSEND = YES;
				ENABLE_TESTABILITY = YES;
				ENABLE_USER_SCRIPT_SANDBOXING = YES;
				GCC_C_LANGUAGE_STANDARD = gnu17;
				GCC_DYNAMIC_NO_PIC = NO;
				GCC_NO_COMMON_BLOCKS = YES;
				GCC_OPTIMIZATION_LEVEL = 0;
				GCC_PREPROCESSOR_DEFINITIONS = (
					"DEBUG=1",
					"$(inherited)",
				);
				GCC_WARN_64_TO_32_BIT_CONVERSION = YES;
				GCC_WARN_ABOUT_RETURN_TYPE = YES_ERROR;
				GCC_WARN_UNDECLARED_SELECTOR = YES;
				GCC_WARN_UNINITIALIZED_AUTOS = YES_AGGRESSIVE;
				GCC_WARN_UNUSED_FUNCTION = YES;
				GCC_WARN_UNUSED_VARIABLE = YES;
				IPHONEOS_DEPLOYMENT_TARGET = 17.5;
				LOCALIZATION_PREFERS_STRING_CATALOGS = YES;
				MTL_ENABLE_DEBUG_INFO = INCLUDE_SOURCE;
				MTL_FAST_MATH = YES;
				ONLY_ACTIVE_ARCH = YES;
				SDKROOT = iphoneos;
				SWIFT_ACTIVE_COMPILATION_CONDITIONS = "DEBUG $(inherited)";
				SWIFT_OPTIMIZATION_LEVEL = "-Onone";
			};
			name = Debug;
		};
		3B861CDF2C33EE2C00BF0475 /* Release */ = {
			isa = XCBuildConfiguration;
			buildSettings = {
				ALWAYS_SEARCH_USER_PATHS = NO;
				ASSETCATALOG_COMPILER_GENERATE_SWIFT_ASSET_SYMBOL_EXTENSIONS = YES;
				CLANG_ANALYZER_NONNULL = YES;
				CLANG_ANALYZER_NUMBER_OBJECT_CONVERSION = YES_AGGRESSIVE;
				CLANG_CXX_LANGUAGE_STANDARD = "gnu++20";
				CLANG_ENABLE_MODULES = YES;
				CLANG_ENABLE_OBJC_ARC = YES;
				CLANG_ENABLE_OBJC_WEAK = YES;
				CLANG_WARN_BLOCK_CAPTURE_AUTORELEASING = YES;
				CLANG_WARN_BOOL_CONVERSION = YES;
				CLANG_WARN_COMMA = YES;
				CLANG_WARN_CONSTANT_CONVERSION = YES;
				CLANG_WARN_DEPRECATED_OBJC_IMPLEMENTATIONS = YES;
				CLANG_WARN_DIRECT_OBJC_ISA_USAGE = YES_ERROR;
				CLANG_WARN_DOCUMENTATION_COMMENTS = YES;
				CLANG_WARN_EMPTY_BODY = YES;
				CLANG_WARN_ENUM_CONVERSION = YES;
				CLANG_WARN_INFINITE_RECURSION = YES;
				CLANG_WARN_INT_CONVERSION = YES;
				CLANG_WARN_NON_LITERAL_NULL_CONVERSION = YES;
				CLANG_WARN_OBJC_IMPLICIT_RETAIN_SELF = YES;
				CLANG_WARN_OBJC_LITERAL_CONVERSION = YES;
				CLANG_WARN_OBJC_ROOT_CLASS = YES_ERROR;
				CLANG_WARN_QUOTED_INCLUDE_IN_FRAMEWORK_HEADER = YES;
				CLANG_WARN_RANGE_LOOP_ANALYSIS = YES;
				CLANG_WARN_STRICT_PROTOTYPES = YES;
				CLANG_WARN_SUSPICIOUS_MOVE = YES;
				CLANG_WARN_UNGUARDED_AVAILABILITY = YES_AGGRESSIVE;
				CLANG_WARN_UNREACHABLE_CODE = YES;
				CLANG_WARN__DUPLICATE_METHOD_MATCH = YES;
				COPY_PHASE_STRIP = NO;
				DEBUG_INFORMATION_FORMAT = "dwarf-with-dsym";
				ENABLE_NS_ASSERTIONS = NO;
				ENABLE_STRICT_OBJC_MSGSEND = YES;
				ENABLE_USER_SCRIPT_SANDBOXING = YES;
				GCC_C_LANGUAGE_STANDARD = gnu17;
				GCC_NO_COMMON_BLOCKS = YES;
				GCC_WARN_64_TO_32_BIT_CONVERSION = YES;
				GCC_WARN_ABOUT_RETURN_TYPE = YES_ERROR;
				GCC_WARN_UNDECLARED_SELECTOR = YES;
				GCC_WARN_UNINITIALIZED_AUTOS = YES_AGGRESSIVE;
				GCC_WARN_UNUSED_FUNCTION = YES;
				GCC_WARN_UNUSED_VARIABLE = YES;
				IPHONEOS_DEPLOYMENT_TARGET = 17.5;
				LOCALIZATION_PREFERS_STRING_CATALOGS = YES;
				MTL_ENABLE_DEBUG_INFO = NO;
				MTL_FAST_MATH = YES;
				SDKROOT = iphoneos;
				SWIFT_COMPILATION_MODE = wholemodule;
				VALIDATE_PRODUCT = YES;
			};
			name = Release;
		};
		3B861CE12C33EE2C00BF0475 /* Debug */ = {
			isa = XCBuildConfiguration;
			buildSettings = {
				ASSETCATALOG_COMPILER_APPICON_NAME = AppIcon;
				ASSETCATALOG_COMPILER_GLOBAL_ACCENT_COLOR_NAME = AccentColor;
				CODE_SIGN_STYLE = Automatic;
				CURRENT_PROJECT_VERSION = 1;
				DEVELOPMENT_ASSET_PATHS = "\"SowAndGrow/Preview Content\"";
				ENABLE_PREVIEWS = YES;
				GENERATE_INFOPLIST_FILE = YES;
				INFOPLIST_KEY_UIApplicationSceneManifest_Generation = YES;
				INFOPLIST_KEY_UIApplicationSupportsIndirectInputEvents = YES;
				INFOPLIST_KEY_UILaunchScreen_Generation = YES;
				INFOPLIST_KEY_UISupportedInterfaceOrientations_iPad = "UIInterfaceOrientationPortrait UIInterfaceOrientationPortraitUpsideDown UIInterfaceOrientationLandscapeLeft UIInterfaceOrientationLandscapeRight";
				INFOPLIST_KEY_UISupportedInterfaceOrientations_iPhone = "UIInterfaceOrientationPortrait UIInterfaceOrientationLandscapeLeft UIInterfaceOrientationLandscapeRight";
				LD_RUNPATH_SEARCH_PATHS = (
					"$(inherited)",
					"@executable_path/Frameworks",
				);
				MARKETING_VERSION = 1.0;
				PRODUCT_BUNDLE_IDENTIFIER = com.example.SowAndGrow;
				PRODUCT_NAME = "$(TARGET_NAME)";
				SWIFT_EMIT_LOC_STRINGS = YES;
				SWIFT_VERSION = 5.0;
				TARGETED_DEVICE_FAMILY = "1,2";
			};
			name = Debug;
		};
		3B861CE22C33EE2C00BF0475 /* Release */ = {
			isa = XCBuildConfiguration;
			buildSettings = {
				ASSETCATALOG_COMPILER_APPICON_NAME = AppIcon;
				ASSETCATALOG_COMPILER_GLOBAL_ACCENT_COLOR_NAME = AccentColor;
				CODE_SIGN_STYLE = Automatic;
				CURRENT_PROJECT_VERSION = 1;
				DEVELOPMENT_ASSET_PATHS = "\"SowAndGrow/Preview Content\"";
				ENABLE_PREVIEWS = YES;
				GENERATE_INFOPLIST_FILE = YES;
				INFOPLIST_KEY_UIApplicationSceneManifest_Generation = YES;
				INFOPLIST_KEY_UIApplicationSupportsIndirectInputEvents = YES;
				INFOPLIST_KEY_UILaunchScreen_Generation = YES;
				INFOPLIST_KEY_UISupportedInterfaceOrientations_iPad = "UIInterfaceOrientationPortrait UIInterfaceOrientationPortraitUpsideDown UIInterfaceOrientationLandscapeLeft UIInterfaceOrientationLandscapeRight";
				INFOPLIST_KEY_UISupportedInterfaceOrientations_iPhone = "UIInterfaceOrientationPortrait UIInterfaceOrientationLandscapeLeft UIInterfaceOrientationLandscapeRight";
				LD_RUNPATH_SEARCH_PATHS = (
					"$(inherited)",
					"@executable_path/Frameworks",
				);
				MARKETING_VERSION = 1.0;
				PRODUCT_BUNDLE_IDENTIFIER = com.example.SowAndGrow;
				PRODUCT_NAME = "$(TARGET_NAME)";
				SWIFT_EMIT_LOC_STRINGS = YES;
				SWIFT_VERSION = 5.0;
				TARGETED_DEVICE_FAMILY = "1,2";
			};
			name = Release;
		};
/* End XCBuildConfiguration section */

/* Begin XCConfigurationList section */
		3B861CCD2C33EE2B00BF0475 /* Build configuration list for PBXProject "SowAndGrow" */ = {
			isa = XCConfigurationList;
			buildConfigurations = (
				3B861CDE2C33EE2C00BF0475 /* Debug */,
				3B861CDF2C33EE2C00BF0475 /* Release */,
			);
			defaultConfigurationIsVisible = 0;
			defaultConfigurationName = Release;
		};
		3B861CE02C33EE2C00BF0475 /* Build configuration list for PBXNativeTarget "SowAndGrow" */ = {
			isa = XCConfigurationList;
			buildConfigurations = (
				3B861CE12C33EE2C00BF0475 /* Debug */,
				3B861CE22C33EE2C00BF0475 /* Release */,
			);
			defaultConfigurationIsVisible = 0;
			defaultConfigurationName = Release;
		};
/* End XCConfigurationList section */
	};
	rootObject = 3B861CCA2C33EE2B00BF0475 /* Project object */;
}
